{
  "name": "core-ts-create-library",
  "version": "1.0.0",
  "lockfileVersion": 2,
  "requires": true,
  "packages": {
    "": {
      "name": "core-ts-create-library",
      "version": "1.0.0",
      "license": "MIT",
      "dependencies": {
        "core-ts-create-library": "^1.0.0"
      },
      "devDependencies": {
        "typescript": "^5.0.2"
      }
    },
    "node_modules/core-ts-create-library": {
      "version": "1.0.0",
      "resolved": "https://registry.npmjs.org/core-ts-create-library/-/core-ts-create-library-1.0.0.tgz",
      "integrity": "sha512-KbunE4YReapwU17TfIGbnAw6Zb/Irg4eskDy5rsTXlFZUUlG26NTQ0hdS9tt0p4KIfPNbW75z0RRw2aB7vdnOA=="
    },
    "node_modules/typescript": {
      "version": "5.0.2",
      "resolved": "https://registry.npmjs.org/typescript/-/typescript-5.0.2.tgz",
      "integrity": "sha512-wVORMBGO/FAs/++blGNeAVdbNKtIh1rbBL2EyQ1+J9lClJ93KiiKe8PmFIVdXhHcyv44SL9oglmfeSsndo0jRw==",
      "dev": true,
      "bin": {
        "tsc": "bin/tsc",
        "tsserver": "bin/tsserver"
      },
      "engines": {
        "node": ">=12.20"
      }
    }
  },
  "dependencies": {
    "core-ts-create-library": {
      "version": "1.0.0",
      "resolved": "https://registry.npmjs.org/core-ts-create-library/-/core-ts-create-library-1.0.0.tgz",
      "integrity": "sha512-KbunE4YReapwU17TfIGbnAw6Zb/Irg4eskDy5rsTXlFZUUlG26NTQ0hdS9tt0p4KIfPNbW75z0RRw2aB7vdnOA=="
    },
    "typescript": {
      "version": "5.0.2",
      "resolved": "https://registry.npmjs.org/typescript/-/typescript-5.0.2.tgz",
      "integrity": "sha512-wVORMBGO/FAs/++blGNeAVdbNKtIh1rbBL2EyQ1+J9lClJ93KiiKe8PmFIVdXhHcyv44SL9oglmfeSsndo0jRw==",
      "dev": true
    }
  }
}
